
Microsoft Visual Studio Solution File, Format Version 12.00
# Visual Studio 15
VisualStudioVersion = 15.0.28307.438
MinimumVisualStudioVersion = 10.0.40219.1
Project("{FAE04EC0-301F-11D3-BF4B-00C04F79EFBC}") = "LinkToFeature.Core", "LinkToFeature.Core\LinkToFeature.Core.csproj", "{5B25A108-ABF3-4E09-B610-36B3FAACE759}"
EndProject
Project("{FAE04EC0-301F-11D3-BF4B-00C04F79EFBC}") = "LinkToFeature.Data", "LinkToFeature.Data\LinkToFeature.Data.csproj", "{B6430895-14FD-42F3-AA4C-E043B7AB6C14}"
EndProject
Project("{FAE04EC0-301F-11D3-BF4B-00C04F79EFBC}") = "LinkToFeature.Service", "LinkToFeature.Serivce\LinkToFeature.Service.csproj", "{04782F9B-3196-45F1-A922-3AEC6273A5AD}"
EndProject
Project("{FAE04EC0-301F-11D3-BF4B-00C04F79EFBC}") = "LinkToFeature.Web", "LinkToFeature.Web\LinkToFeature.Web.csproj", "{27340395-4EA0-42B4-A2DB-419F2F70124B}"
EndProject
Project("{FAE04EC0-301F-11D3-BF4B-00C04F79EFBC}") = "LinkToFeature.Web.Core", "LinkToFeature.Web.Core\LinkToFeature.Web.Core.csproj", "{6D0C1E6C-2BDA-4012-B314-C7F21E025F00}"
EndProject
Global
	GlobalSection(SolutionConfigurationPlatforms) = preSolution
		Debug|Any CPU = Debug|Any CPU
		Release|Any CPU = Release|Any CPU
	EndGlobalSection
	GlobalSection(ProjectConfigurationPlatforms) = postSolution
		{5B25A108-ABF3-4E09-B610-36B3FAACE759}.Debug|Any CPU.ActiveCfg = Debug|Any CPU
		{5B25A108-ABF3-4E09-B610-36B3FAACE759}.Debug|Any CPU.Build.0 = Debug|Any CPU
		{5B25A108-ABF3-4E09-B610-36B3FAACE759}.Release|Any CPU.ActiveCfg = Release|Any CPU
		{5B25A108-ABF3-4E09-B610-36B3FAACE759}.Release|Any CPU.Build.0 = Release|Any CPU
		{B6430895-14FD-42F3-AA4C-E043B7AB6C14}.Debug|Any CPU.ActiveCfg = Debug|Any CPU
		{B6430895-14FD-42F3-AA4C-E043B7AB6C14}.Debug|Any CPU.Build.0 = Debug|Any CPU
		{B6430895-14FD-42F3-AA4C-E043B7AB6C14}.Release|Any CPU.ActiveCfg = Release|Any CPU
		{B6430895-14FD-42F3-AA4C-E043B7AB6C14}.Release|Any CPU.Build.0 = Release|Any CPU
		{04782F9B-3196-45F1-A922-3AEC6273A5AD}.Debug|Any CPU.ActiveCfg = Debug|Any CPU
		{04782F9B-3196-45F1-A922-3AEC6273A5AD}.Debug|Any CPU.Build.0 = Debug|Any CPU
		{04782F9B-3196-45F1-A922-3AEC6273A5AD}.Release|Any CPU.ActiveCfg = Release|Any CPU
		{04782F9B-3196-45F1-A922-3AEC6273A5AD}.Release|Any CPU.Build.0 = Release|Any CPU
		{27340395-4EA0-42B4-A2DB-419F2F70124B}.Debug|Any CPU.ActiveCfg = Debug|Any CPU
		{27340395-4EA0-42B4-A2DB-419F2F70124B}.Debug|Any CPU.Build.0 = Debug|Any CPU
		{27340395-4EA0-42B4-A2DB-419F2F70124B}.Release|Any CPU.ActiveCfg = Release|Any CPU
		{27340395-4EA0-42B4-A2DB-419F2F70124B}.Release|Any CPU.Build.0 = Release|Any CPU
		{6D0C1E6C-2BDA-4012-B314-C7F21E025F00}.Debug|Any CPU.ActiveCfg = Debug|Any CPU
		{6D0C1E6C-2BDA-4012-B314-C7F21E025F00}.Debug|Any CPU.Build.0 = Debug|Any CPU
		{6D0C1E6C-2BDA-4012-B314-C7F21E025F00}.Release|Any CPU.ActiveCfg = Release|Any CPU
		{6D0C1E6C-2BDA-4012-B314-C7F21E025F00}.Release|Any CPU.Build.0 = Release|Any CPU
	EndGlobalSection
	GlobalSection(SolutionProperties) = preSolution
		HideSolutionNode = FALSE
	EndGlobalSection
	GlobalSection(ExtensibilityGlobals) = postSolution
		SolutionGuid = {FAB123DC-C9D5-4013-9323-7C90C0AC3136}
	EndGlobalSection
EndGlobal
